
Microsoft Visual Studio Solution File, Format Version 12.00
# Visual Studio 2012
Project("{FAE04EC0-301F-11D3-BF4B-00C04F79EFBC}") = "IIL-Portal(res)", "IIL-Portal(res)\IIL-Portal(res).csproj", "{6E665E71-03FC-4844-A1E0-7D96D5AB6318}"
EndProject
Global
	GlobalSection(SolutionConfigurationPlatforms) = preSolution
		Debug|Any CPU = Debug|Any CPU
		Release|Any CPU = Release|Any CPU
	EndGlobalSection
	GlobalSection(ProjectConfigurationPlatforms) = postSolution
		{6E665E71-03FC-4844-A1E0-7D96D5AB6318}.Debug|Any CPU.ActiveCfg = Debug|Any CPU
		{6E665E71-03FC-4844-A1E0-7D96D5AB6318}.Debug|Any CPU.Build.0 = Debug|Any CPU
		{6E665E71-03FC-4844-A1E0-7D96D5AB6318}.Release|Any CPU.ActiveCfg = Release|Any CPU
		{6E665E71-03FC-4844-A1E0-7D96D5AB6318}.Release|Any CPU.Build.0 = Release|Any CPU
	EndGlobalSection
	GlobalSection(SolutionProperties) = preSolution
		HideSolutionNode = FALSE
	EndGlobalSection
EndGlobal
